
Microsoft Visual Studio Solution File, Format Version 12.00
# Visual Studio Version 16
VisualStudioVersion = 16.0.32802.440
MinimumVisualStudioVersion = 10.0.40219.1
Project("{9A19103F-16F7-4668-BE54-9A1E7A4F7556}") = "KampIntro", "KampIntro\KampIntro.csproj", "{5C3EED9D-F940-4356-85E8-E7B90F1B4402}"
EndProject
Project("{9A19103F-16F7-4668-BE54-9A1E7A4F7556}") = "Donguler", "Donguler\Donguler.csproj", "{45E26AC9-267A-4D61-A5BE-5D8302BDB306}"
EndProject
Project("{9A19103F-16F7-4668-BE54-9A1E7A4F7556}") = "ClassIntro", "ClassIntro\ClassIntro.csproj", "{3DBD79F5-A76B-48EA-A91B-80B0B8D7E9BB}"
EndProject
Project("{9A19103F-16F7-4668-BE54-9A1E7A4F7556}") = "Homework", "Homework\Homework.csproj", "{100733DD-FE52-4A48-8ACC-89DF4E2765C5}"
EndProject
Project("{9A19103F-16F7-4668-BE54-9A1E7A4F7556}") = "HomeworkClass1", "HomeworkClass1\HomeworkClass1.csproj", "{4589EC56-D8F0-416B-97EA-AF444F2D1640}"
EndProject
Project("{9A19103F-16F7-4668-BE54-9A1E7A4F7556}") = "Metotlar", "Metotlar\Metotlar.csproj", "{3248BE28-92CA-4E3E-9CEA-43DD30D51F70}"
EndProject
Project("{9A19103F-16F7-4668-BE54-9A1E7A4F7556}") = "Matematik", "Matematik\Matematik.csproj", "{0E43F4E7-1B45-426B-A5DA-74F38E69EC53}"
EndProject
Project("{9A19103F-16F7-4668-BE54-9A1E7A4F7556}") = "DegerVeReferansTipler", "DegerVeReferansTipler\DegerVeReferansTipler.csproj", "{983CAED1-0270-49F4-8C94-DAA8C57D5817}"
EndProject
Project("{9A19103F-16F7-4668-BE54-9A1E7A4F7556}") = "HomeworkMethods1", "HomeworkMethods1\HomeworkMethods1.csproj", "{6981F66F-0FCD-40C7-B1CD-5E3A1ACBD33F}"
EndProject
Project("{9A19103F-16F7-4668-BE54-9A1E7A4F7556}") = "ClassMetotDemo", "ClassMetotDemo\ClassMetotDemo.csproj", "{8A7A0F40-AB58-4242-B0E3-D9B7476C97B3}"
EndProject
Project("{9A19103F-16F7-4668-BE54-9A1E7A4F7556}") = "OOP1", "OOP1\OOP1.csproj", "{7C1B4604-AD8F-4CA4-B383-F6026AFDD582}"
EndProject
Project("{9A19103F-16F7-4668-BE54-9A1E7A4F7556}") = "Koleksiyonlar", "Koleksiyonlar\Koleksiyonlar.csproj", "{C2F13749-69B7-4DEC-939F-419F103532E1}"
EndProject
Project("{FAE04EC0-301F-11D3-BF4B-00C04F79EFBC}") = "GenericsIntro", "GenericsIntro\GenericsIntro.csproj", "{BBAAA19F-55B4-4A34-AD0F-D6D269D7DC68}"
EndProject
Global
	GlobalSection(SolutionConfigurationPlatforms) = preSolution
		Debug|Any CPU = Debug|Any CPU
		Release|Any CPU = Release|Any CPU
	EndGlobalSection
	GlobalSection(ProjectConfigurationPlatforms) = postSolution
		{5C3EED9D-F940-4356-85E8-E7B90F1B4402}.Debug|Any CPU.ActiveCfg = Debug|Any CPU
		{5C3EED9D-F940-4356-85E8-E7B90F1B4402}.Debug|Any CPU.Build.0 = Debug|Any CPU
		{5C3EED9D-F940-4356-85E8-E7B90F1B4402}.Release|Any CPU.ActiveCfg = Release|Any CPU
		{5C3EED9D-F940-4356-85E8-E7B90F1B4402}.Release|Any CPU.Build.0 = Release|Any CPU
		{45E26AC9-267A-4D61-A5BE-5D8302BDB306}.Debug|Any CPU.ActiveCfg = Debug|Any CPU
		{45E26AC9-267A-4D61-A5BE-5D8302BDB306}.Debug|Any CPU.Build.0 = Debug|Any CPU
		{45E26AC9-267A-4D61-A5BE-5D8302BDB306}.Release|Any CPU.ActiveCfg = Release|Any CPU
		{45E26AC9-267A-4D61-A5BE-5D8302BDB306}.Release|Any CPU.Build.0 = Release|Any CPU
		{3DBD79F5-A76B-48EA-A91B-80B0B8D7E9BB}.Debug|Any CPU.ActiveCfg = Debug|Any CPU
		{3DBD79F5-A76B-48EA-A91B-80B0B8D7E9BB}.Debug|Any CPU.Build.0 = Debug|Any CPU
		{3DBD79F5-A76B-48EA-A91B-80B0B8D7E9BB}.Release|Any CPU.ActiveCfg = Release|Any CPU
		{3DBD79F5-A76B-48EA-A91B-80B0B8D7E9BB}.Release|Any CPU.Build.0 = Release|Any CPU
		{100733DD-FE52-4A48-8ACC-89DF4E2765C5}.Debug|Any CPU.ActiveCfg = Debug|Any CPU
		{100733DD-FE52-4A48-8ACC-89DF4E2765C5}.Debug|Any CPU.Build.0 = Debug|Any CPU
		{100733DD-FE52-4A48-8ACC-89DF4E2765C5}.Release|Any CPU.ActiveCfg = Release|Any CPU
		{100733DD-FE52-4A48-8ACC-89DF4E2765C5}.Release|Any CPU.Build.0 = Release|Any CPU
		{4589EC56-D8F0-416B-97EA-AF444F2D1640}.Debug|Any CPU.ActiveCfg = Debug|Any CPU
		{4589EC56-D8F0-416B-97EA-AF444F2D1640}.Debug|Any CPU.Build.0 = Debug|Any CPU
		{4589EC56-D8F0-416B-97EA-AF444F2D1640}.Release|Any CPU.ActiveCfg = Release|Any CPU
		{4589EC56-D8F0-416B-97EA-AF444F2D1640}.Release|Any CPU.Build.0 = Release|Any CPU
		{3248BE28-92CA-4E3E-9CEA-43DD30D51F70}.Debug|Any CPU.ActiveCfg = Debug|Any CPU
		{3248BE28-92CA-4E3E-9CEA-43DD30D51F70}.Debug|Any CPU.Build.0 = Debug|Any CPU
		{3248BE28-92CA-4E3E-9CEA-43DD30D51F70}.Release|Any CPU.ActiveCfg = Release|Any CPU
		{3248BE28-92CA-4E3E-9CEA-43DD30D51F70}.Release|Any CPU.Build.0 = Release|Any CPU
		{0E43F4E7-1B45-426B-A5DA-74F38E69EC53}.Debug|Any CPU.ActiveCfg = Debug|Any CPU
		{0E43F4E7-1B45-426B-A5DA-74F38E69EC53}.Debug|Any CPU.Build.0 = Debug|Any CPU
		{0E43F4E7-1B45-426B-A5DA-74F38E69EC53}.Release|Any CPU.ActiveCfg = Release|Any CPU
		{0E43F4E7-1B45-426B-A5DA-74F38E69EC53}.Release|Any CPU.Build.0 = Release|Any CPU
		{983CAED1-0270-49F4-8C94-DAA8C57D5817}.Debug|Any CPU.ActiveCfg = Debug|Any CPU
		{983CAED1-0270-49F4-8C94-DAA8C57D5817}.Debug|Any CPU.Build.0 = Debug|Any CPU
		{983CAED1-0270-49F4-8C94-DAA8C57D5817}.Release|Any CPU.ActiveCfg = Release|Any CPU
		{983CAED1-0270-49F4-8C94-DAA8C57D5817}.Release|Any CPU.Build.0 = Release|Any CPU
		{6981F66F-0FCD-40C7-B1CD-5E3A1ACBD33F}.Debug|Any CPU.ActiveCfg = Debug|Any CPU
		{6981F66F-0FCD-40C7-B1CD-5E3A1ACBD33F}.Debug|Any CPU.Build.0 = Debug|Any CPU
		{6981F66F-0FCD-40C7-B1CD-5E3A1ACBD33F}.Release|Any CPU.ActiveCfg = Release|Any CPU
		{6981F66F-0FCD-40C7-B1CD-5E3A1ACBD33F}.Release|Any CPU.Build.0 = Release|Any CPU
		{8A7A0F40-AB58-4242-B0E3-D9B7476C97B3}.Debug|Any CPU.ActiveCfg = Debug|Any CPU
		{8A7A0F40-AB58-4242-B0E3-D9B7476C97B3}.Debug|Any CPU.Build.0 = Debug|Any CPU
		{8A7A0F40-AB58-4242-B0E3-D9B7476C97B3}.Release|Any CPU.ActiveCfg = Release|Any CPU
		{8A7A0F40-AB58-4242-B0E3-D9B7476C97B3}.Release|Any CPU.Build.0 = Release|Any CPU
		{7C1B4604-AD8F-4CA4-B383-F6026AFDD582}.Debug|Any CPU.ActiveCfg = Debug|Any CPU
		{7C1B4604-AD8F-4CA4-B383-F6026AFDD582}.Debug|Any CPU.Build.0 = Debug|Any CPU
		{7C1B4604-AD8F-4CA4-B383-F6026AFDD582}.Release|Any CPU.ActiveCfg = Release|Any CPU
		{7C1B4604-AD8F-4CA4-B383-F6026AFDD582}.Release|Any CPU.Build.0 = Release|Any CPU
		{C2F13749-69B7-4DEC-939F-419F103532E1}.Debug|Any CPU.ActiveCfg = Debug|Any CPU
		{C2F13749-69B7-4DEC-939F-419F103532E1}.Debug|Any CPU.Build.0 = Debug|Any CPU
		{C2F13749-69B7-4DEC-939F-419F103532E1}.Release|Any CPU.ActiveCfg = Release|Any CPU
		{C2F13749-69B7-4DEC-939F-419F103532E1}.Release|Any CPU.Build.0 = Release|Any CPU
		{BBAAA19F-55B4-4A34-AD0F-D6D269D7DC68}.Debug|Any CPU.ActiveCfg = Debug|Any CPU
		{BBAAA19F-55B4-4A34-AD0F-D6D269D7DC68}.Debug|Any CPU.Build.0 = Debug|Any CPU
		{BBAAA19F-55B4-4A34-AD0F-D6D269D7DC68}.Release|Any CPU.ActiveCfg = Release|Any CPU
		{BBAAA19F-55B4-4A34-AD0F-D6D269D7DC68}.Release|Any CPU.Build.0 = Release|Any CPU
	EndGlobalSection
	GlobalSection(SolutionProperties) = preSolution
		HideSolutionNode = FALSE
	EndGlobalSection
	GlobalSection(ExtensibilityGlobals) = postSolution
		SolutionGuid = {E8C8B0A3-E3D1-44B4-A315-1151EC9A3ABE}
	EndGlobalSection
EndGlobal
